// !$*UTF8*$!
{
	archiveVersion = 1;
	classes = {
	};
	objectVersion = 50;
	objects = {

/* Begin PBXBuildFile section */
		5B5D3AA6DEB0273BBFB5DEAA /* Pods_Smack.framework in Frameworks */ = {isa = PBXBuildFile; fileRef = B3F79FD69D9EB57DA43865E8 /* Pods_Smack.framework */; };
		F10DD9982178C23600F919B0 /* ChatVC.swift in Sources */ = {isa = PBXBuildFile; fileRef = F10DD9972178C23600F919B0 /* ChatVC.swift */; };
		F10DD99A2178C24500F919B0 /* ChannelVC.swift in Sources */ = {isa = PBXBuildFile; fileRef = F10DD9992178C24500F919B0 /* ChannelVC.swift */; };
		F11DD1882178C9AE000FF20D /* SWRevealViewController.m in Sources */ = {isa = PBXBuildFile; fileRef = F11DD1862178C9AE000FF20D /* SWRevealViewController.m */; };
		F11DD18B2178CCEE000FF20D /* GradientView.swift in Sources */ = {isa = PBXBuildFile; fileRef = F11DD18A2178CCEE000FF20D /* GradientView.swift */; };
		F11DD18E2179CD21000FF20D /* Constants.swift in Sources */ = {isa = PBXBuildFile; fileRef = F11DD18D2179CD21000FF20D /* Constants.swift */; };
		F11DD1902179CD7B000FF20D /* LoginVC.swift in Sources */ = {isa = PBXBuildFile; fileRef = F11DD18F2179CD7B000FF20D /* LoginVC.swift */; };
		F11DD1922179E541000FF20D /* CreateAccountVC.swift in Sources */ = {isa = PBXBuildFile; fileRef = F11DD1912179E541000FF20D /* CreateAccountVC.swift */; };
		F11DD195217A19E4000FF20D /* AuthService.swift in Sources */ = {isa = PBXBuildFile; fileRef = F11DD194217A19E4000FF20D /* AuthService.swift */; };
		F11DD197217A2921000FF20D /* RoundedButton.swift in Sources */ = {isa = PBXBuildFile; fileRef = F11DD196217A2921000FF20D /* RoundedButton.swift */; };
		F1881BAF2178BBEC009E4765 /* AppDelegate.swift in Sources */ = {isa = PBXBuildFile; fileRef = F1881BAE2178BBEC009E4765 /* AppDelegate.swift */; };
		F1881BB42178BBEC009E4765 /* Main.storyboard in Resources */ = {isa = PBXBuildFile; fileRef = F1881BB22178BBEC009E4765 /* Main.storyboard */; };
		F1881BB62178BBED009E4765 /* Assets.xcassets in Resources */ = {isa = PBXBuildFile; fileRef = F1881BB52178BBED009E4765 /* Assets.xcassets */; };
		F1881BB92178BBED009E4765 /* LaunchScreen.storyboard in Resources */ = {isa = PBXBuildFile; fileRef = F1881BB72178BBED009E4765 /* LaunchScreen.storyboard */; };
		F1E726AC217D3023007D57C8 /* UserDataService.swift in Sources */ = {isa = PBXBuildFile; fileRef = F1E726AB217D3023007D57C8 /* UserDataService.swift */; };
		F1E726AE217F1DEC007D57C8 /* AvatarPickerVC.swift in Sources */ = {isa = PBXBuildFile; fileRef = F1E726AD217F1DEC007D57C8 /* AvatarPickerVC.swift */; };
		F1E726B0217F200A007D57C8 /* AvatarCell.swift in Sources */ = {isa = PBXBuildFile; fileRef = F1E726AF217F200A007D57C8 /* AvatarCell.swift */; };
		F1E726B2217F3A6F007D57C8 /* CircleImage.swift in Sources */ = {isa = PBXBuildFile; fileRef = F1E726B1217F3A6F007D57C8 /* CircleImage.swift */; };
		F1E726B521846BF6007D57C8 /* ProfileVC.swift in Sources */ = {isa = PBXBuildFile; fileRef = F1E726B321846BF6007D57C8 /* ProfileVC.swift */; };
		F1E726B621846BF6007D57C8 /* ProfileVC.xib in Resources */ = {isa = PBXBuildFile; fileRef = F1E726B421846BF6007D57C8 /* ProfileVC.xib */; };
/* End PBXBuildFile section */

/* Begin PBXFileReference section */
		1D101678A94602BBDAD10CE0 /* Pods-Smack.debug.xcconfig */ = {isa = PBXFileReference; includeInIndex = 1; lastKnownFileType = text.xcconfig; name = "Pods-Smack.debug.xcconfig"; path = "Pods/Target Support Files/Pods-Smack/Pods-Smack.debug.xcconfig"; sourceTree = "<group>"; };
		84724A702B74854A15B9A9C0 /* Pods-Smack.release.xcconfig */ = {isa = PBXFileReference; includeInIndex = 1; lastKnownFileType = text.xcconfig; name = "Pods-Smack.release.xcconfig"; path = "Pods/Target Support Files/Pods-Smack/Pods-Smack.release.xcconfig"; sourceTree = "<group>"; };
		B3F79FD69D9EB57DA43865E8 /* Pods_Smack.framework */ = {isa = PBXFileReference; explicitFileType = wrapper.framework; includeInIndex = 0; path = Pods_Smack.framework; sourceTree = BUILT_PRODUCTS_DIR; };
		F10DD9972178C23600F919B0 /* ChatVC.swift */ = {isa = PBXFileReference; lastKnownFileType = sourcecode.swift; path = ChatVC.swift; sourceTree = "<group>"; };
		F10DD9992178C24500F919B0 /* ChannelVC.swift */ = {isa = PBXFileReference; lastKnownFileType = sourcecode.swift; path = ChannelVC.swift; sourceTree = "<group>"; };
		F11DD1862178C9AE000FF20D /* SWRevealViewController.m */ = {isa = PBXFileReference; fileEncoding = 4; lastKnownFileType = sourcecode.c.objc; path = SWRevealViewController.m; sourceTree = "<group>"; };
		F11DD1872178C9AE000FF20D /* SWRevealViewController.h */ = {isa = PBXFileReference; fileEncoding = 4; lastKnownFileType = sourcecode.c.h; path = SWRevealViewController.h; sourceTree = "<group>"; };
		F11DD1892178C9D0000FF20D /* Smack-Bridging-Header.h */ = {isa = PBXFileReference; lastKnownFileType = sourcecode.c.h; path = "Smack-Bridging-Header.h"; sourceTree = "<group>"; };
		F11DD18A2178CCEE000FF20D /* GradientView.swift */ = {isa = PBXFileReference; lastKnownFileType = sourcecode.swift; path = GradientView.swift; sourceTree = "<group>"; };
		F11DD18D2179CD21000FF20D /* Constants.swift */ = {isa = PBXFileReference; lastKnownFileType = sourcecode.swift; path = Constants.swift; sourceTree = "<group>"; };
		F11DD18F2179CD7B000FF20D /* LoginVC.swift */ = {isa = PBXFileReference; lastKnownFileType = sourcecode.swift; path = LoginVC.swift; sourceTree = "<group>"; };
		F11DD1912179E541000FF20D /* CreateAccountVC.swift */ = {isa = PBXFileReference; lastKnownFileType = sourcecode.swift; path = CreateAccountVC.swift; sourceTree = "<group>"; };
		F11DD194217A19E4000FF20D /* AuthService.swift */ = {isa = PBXFileReference; lastKnownFileType = sourcecode.swift; path = AuthService.swift; sourceTree = "<group>"; };
		F11DD196217A2921000FF20D /* RoundedButton.swift */ = {isa = PBXFileReference; lastKnownFileType = sourcecode.swift; path = RoundedButton.swift; sourceTree = "<group>"; };
		F1881BAB2178BBEC009E4765 /* Smack.app */ = {isa = PBXFileReference; explicitFileType = wrapper.application; includeInIndex = 0; path = Smack.app; sourceTree = BUILT_PRODUCTS_DIR; };
		F1881BAE2178BBEC009E4765 /* AppDelegate.swift */ = {isa = PBXFileReference; lastKnownFileType = sourcecode.swift; path = AppDelegate.swift; sourceTree = "<group>"; };
		F1881BB32178BBEC009E4765 /* Base */ = {isa = PBXFileReference; lastKnownFileType = file.storyboard; name = Base; path = Base.lproj/Main.storyboard; sourceTree = "<group>"; };
		F1881BB52178BBED009E4765 /* Assets.xcassets */ = {isa = PBXFileReference; lastKnownFileType = folder.assetcatalog; path = Assets.xcassets; sourceTree = "<group>"; };
		F1881BB82178BBED009E4765 /* Base */ = {isa = PBXFileReference; lastKnownFileType = file.storyboard; name = Base; path = Base.lproj/LaunchScreen.storyboard; sourceTree = "<group>"; };
		F1881BBA2178BBED009E4765 /* Info.plist */ = {isa = PBXFileReference; lastKnownFileType = text.plist.xml; path = Info.plist; sourceTree = "<group>"; };
		F1E726AB217D3023007D57C8 /* UserDataService.swift */ = {isa = PBXFileReference; lastKnownFileType = sourcecode.swift; path = UserDataService.swift; sourceTree = "<group>"; };
		F1E726AD217F1DEC007D57C8 /* AvatarPickerVC.swift */ = {isa = PBXFileReference; lastKnownFileType = sourcecode.swift; path = AvatarPickerVC.swift; sourceTree = "<group>"; };
		F1E726AF217F200A007D57C8 /* AvatarCell.swift */ = {isa = PBXFileReference; lastKnownFileType = sourcecode.swift; path = AvatarCell.swift; sourceTree = "<group>"; };
		F1E726B1217F3A6F007D57C8 /* CircleImage.swift */ = {isa = PBXFileReference; lastKnownFileType = sourcecode.swift; path = CircleImage.swift; sourceTree = "<group>"; };
		F1E726B321846BF6007D57C8 /* ProfileVC.swift */ = {isa = PBXFileReference; lastKnownFileType = sourcecode.swift; path = ProfileVC.swift; sourceTree = "<group>"; };
		F1E726B421846BF6007D57C8 /* ProfileVC.xib */ = {isa = PBXFileReference; lastKnownFileType = file.xib; path = ProfileVC.xib; sourceTree = "<group>"; };
/* End PBXFileReference section */

/* Begin PBXFrameworksBuildPhase section */
		F1881BA82178BBEC009E4765 /* Frameworks */ = {
			isa = PBXFrameworksBuildPhase;
			buildActionMask = 2147483647;
			files = (
				5B5D3AA6DEB0273BBFB5DEAA /* Pods_Smack.framework in Frameworks */,
			);
			runOnlyForDeploymentPostprocessing = 0;
		};
/* End PBXFrameworksBuildPhase section */

/* Begin PBXGroup section */
		48CA150378F74F304CFDE774 /* Pods */ = {
			isa = PBXGroup;
			children = (
				1D101678A94602BBDAD10CE0 /* Pods-Smack.debug.xcconfig */,
				84724A702B74854A15B9A9C0 /* Pods-Smack.release.xcconfig */,
			);
			name = Pods;
			sourceTree = "<group>";
		};
		55CC64F1600C13B07F002E9E /* Frameworks */ = {
			isa = PBXGroup;
			children = (
				B3F79FD69D9EB57DA43865E8 /* Pods_Smack.framework */,
			);
			name = Frameworks;
			sourceTree = "<group>";
		};
		F10DD9942178C1F800F919B0 /* Model */ = {
			isa = PBXGroup;
			children = (
			);
			path = Model;
			sourceTree = "<group>";
		};
		F10DD9952178C1FC00F919B0 /* View */ = {
			isa = PBXGroup;
			children = (
				F11DD18A2178CCEE000FF20D /* GradientView.swift */,
				F11DD196217A2921000FF20D /* RoundedButton.swift */,
				F1E726AF217F200A007D57C8 /* AvatarCell.swift */,
				F1E726B1217F3A6F007D57C8 /* CircleImage.swift */,
			);
			path = View;
			sourceTree = "<group>";
		};
		F10DD9962178C20000F919B0 /* Controller */ = {
			isa = PBXGroup;
			children = (
				F10DD9972178C23600F919B0 /* ChatVC.swift */,
				F10DD9992178C24500F919B0 /* ChannelVC.swift */,
				F11DD18F2179CD7B000FF20D /* LoginVC.swift */,
				F11DD1912179E541000FF20D /* CreateAccountVC.swift */,
				F1E726AD217F1DEC007D57C8 /* AvatarPickerVC.swift */,
				F1E726B321846BF6007D57C8 /* ProfileVC.swift */,
			);
			path = Controller;
			sourceTree = "<group>";
		};
		F11DD1852178C99F000FF20D /* Supporting Files */ = {
			isa = PBXGroup;
			children = (
				F11DD1872178C9AE000FF20D /* SWRevealViewController.h */,
				F11DD1862178C9AE000FF20D /* SWRevealViewController.m */,
				F11DD1892178C9D0000FF20D /* Smack-Bridging-Header.h */,
			);
			path = "Supporting Files";
			sourceTree = "<group>";
		};
		F11DD18C2179CD17000FF20D /* Utilities */ = {
			isa = PBXGroup;
			children = (
				F11DD18D2179CD21000FF20D /* Constants.swift */,
			);
			path = Utilities;
			sourceTree = "<group>";
		};
		F11DD193217A19CE000FF20D /* Services */ = {
			isa = PBXGroup;
			children = (
				F11DD194217A19E4000FF20D /* AuthService.swift */,
				F1E726AB217D3023007D57C8 /* UserDataService.swift */,
			);
			path = Services;
			sourceTree = "<group>";
		};
		F1881BA22178BBEC009E4765 = {
			isa = PBXGroup;
			children = (
				F11DD1852178C99F000FF20D /* Supporting Files */,
				F1881BAD2178BBEC009E4765 /* Smack */,
				F1881BAC2178BBEC009E4765 /* Products */,
				48CA150378F74F304CFDE774 /* Pods */,
				55CC64F1600C13B07F002E9E /* Frameworks */,
			);
			sourceTree = "<group>";
		};
		F1881BAC2178BBEC009E4765 /* Products */ = {
			isa = PBXGroup;
			children = (
				F1881BAB2178BBEC009E4765 /* Smack.app */,
			);
			name = Products;
			sourceTree = "<group>";
		};
		F1881BAD2178BBEC009E4765 /* Smack */ = {
			isa = PBXGroup;
			children = (
				F1E726B721846C4F007D57C8 /* XIBs */,
				F11DD193217A19CE000FF20D /* Services */,
				F11DD18C2179CD17000FF20D /* Utilities */,
				F10DD9942178C1F800F919B0 /* Model */,
				F10DD9952178C1FC00F919B0 /* View */,
				F10DD9962178C20000F919B0 /* Controller */,
				F1881BAE2178BBEC009E4765 /* AppDelegate.swift */,
				F1881BB22178BBEC009E4765 /* Main.storyboard */,
				F1881BB52178BBED009E4765 /* Assets.xcassets */,
				F1881BB72178BBED009E4765 /* LaunchScreen.storyboard */,
				F1881BBA2178BBED009E4765 /* Info.plist */,
			);
			path = Smack;
			sourceTree = "<group>";
		};
		F1E726B721846C4F007D57C8 /* XIBs */ = {
			isa = PBXGroup;
			children = (
				F1E726B421846BF6007D57C8 /* ProfileVC.xib */,
			);
			path = XIBs;
			sourceTree = "<group>";
		};
/* End PBXGroup section */

/* Begin PBXNativeTarget section */
		F1881BAA2178BBEC009E4765 /* Smack */ = {
			isa = PBXNativeTarget;
			buildConfigurationList = F1881BBD2178BBED009E4765 /* Build configuration list for PBXNativeTarget "Smack" */;
			buildPhases = (
				CCFB7A6995639132DAC10A8B /* [CP] Check Pods Manifest.lock */,
				F1881BA72178BBEC009E4765 /* Sources */,
				F1881BA82178BBEC009E4765 /* Frameworks */,
				F1881BA92178BBEC009E4765 /* Resources */,
				8695D358AA48815B941A1735 /* [CP] Embed Pods Frameworks */,
			);
			buildRules = (
			);
			dependencies = (
			);
			name = Smack;
			productName = Smack;
			productReference = F1881BAB2178BBEC009E4765 /* Smack.app */;
			productType = "com.apple.product-type.application";
		};
/* End PBXNativeTarget section */

/* Begin PBXProject section */
		F1881BA32178BBEC009E4765 /* Project object */ = {
			isa = PBXProject;
			attributes = {
				LastSwiftUpdateCheck = 1000;
				LastUpgradeCheck = 1000;
				ORGANIZATIONNAME = Finastra;
				TargetAttributes = {
					F1881BAA2178BBEC009E4765 = {
						CreatedOnToolsVersion = 10.0;
						LastSwiftMigration = 1000;
					};
				};
			};
			buildConfigurationList = F1881BA62178BBEC009E4765 /* Build configuration list for PBXProject "Smack" */;
			compatibilityVersion = "Xcode 9.3";
			developmentRegion = en;
			hasScannedForEncodings = 0;
			knownRegions = (
				en,
				Base,
			);
			mainGroup = F1881BA22178BBEC009E4765;
			productRefGroup = F1881BAC2178BBEC009E4765 /* Products */;
			projectDirPath = "";
			projectRoot = "";
			targets = (
				F1881BAA2178BBEC009E4765 /* Smack */,
			);
		};
/* End PBXProject section */

/* Begin PBXResourcesBuildPhase section */
		F1881BA92178BBEC009E4765 /* Resources */ = {
			isa = PBXResourcesBuildPhase;
			buildActionMask = 2147483647;
			files = (
				F1E726B621846BF6007D57C8 /* ProfileVC.xib in Resources */,
				F1881BB92178BBED009E4765 /* LaunchScreen.storyboard in Resources */,
				F1881BB62178BBED009E4765 /* Assets.xcassets in Resources */,
				F1881BB42178BBEC009E4765 /* Main.storyboard in Resources */,
			);
			runOnlyForDeploymentPostprocessing = 0;
		};
/* End PBXResourcesBuildPhase section */

/* Begin PBXShellScriptBuildPhase section */
		8695D358AA48815B941A1735 /* [CP] Embed Pods Frameworks */ = {
			isa = PBXShellScriptBuildPhase;
			buildActionMask = 2147483647;
			files = (
			);
			inputPaths = (
				"${SRCROOT}/Pods/Target Support Files/Pods-Smack/Pods-Smack-frameworks.sh",
				"${BUILT_PRODUCTS_DIR}/Alamofire/Alamofire.framework",
				"${BUILT_PRODUCTS_DIR}/Socket.IO-Client-Swift/SocketIO.framework",
				"${BUILT_PRODUCTS_DIR}/Starscream/Starscream.framework",
				"${BUILT_PRODUCTS_DIR}/SwiftyJSON/SwiftyJSON.framework",
			);
			name = "[CP] Embed Pods Frameworks";
			outputPaths = (
				"${TARGET_BUILD_DIR}/${FRAMEWORKS_FOLDER_PATH}/Alamofire.framework",
				"${TARGET_BUILD_DIR}/${FRAMEWORKS_FOLDER_PATH}/SocketIO.framework",
				"${TARGET_BUILD_DIR}/${FRAMEWORKS_FOLDER_PATH}/Starscream.framework",
				"${TARGET_BUILD_DIR}/${FRAMEWORKS_FOLDER_PATH}/SwiftyJSON.framework",
			);
			runOnlyForDeploymentPostprocessing = 0;
			shellPath = /bin/sh;
			shellScript = "\"${SRCROOT}/Pods/Target Support Files/Pods-Smack/Pods-Smack-frameworks.sh\"\n";
			showEnvVarsInLog = 0;
		};
		CCFB7A6995639132DAC10A8B /* [CP] Check Pods Manifest.lock */ = {
			isa = PBXShellScriptBuildPhase;
			buildActionMask = 2147483647;
			files = (
			);
			inputPaths = (
				"${PODS_PODFILE_DIR_PATH}/Podfile.lock",
				"${PODS_ROOT}/Manifest.lock",
			);
			name = "[CP] Check Pods Manifest.lock";
			outputPaths = (
				"$(DERIVED_FILE_DIR)/Pods-Smack-checkManifestLockResult.txt",
			);
			runOnlyForDeploymentPostprocessing = 0;
			shellPath = /bin/sh;
			shellScript = "diff \"${PODS_PODFILE_DIR_PATH}/Podfile.lock\" \"${PODS_ROOT}/Manifest.lock\" > /dev/null\nif [ $? != 0 ] ; then\n    # print error to STDERR\n    echo \"error: The sandbox is not in sync with the Podfile.lock. Run 'pod install' or update your CocoaPods installation.\" >&2\n    exit 1\nfi\n# This output is used by Xcode 'outputs' to avoid re-running this script phase.\necho \"SUCCESS\" > \"${SCRIPT_OUTPUT_FILE_0}\"\n";
			showEnvVarsInLog = 0;
		};
/* End PBXShellScriptBuildPhase section */

/* Begin PBXSourcesBuildPhase section */
		F1881BA72178BBEC009E4765 /* Sources */ = {
			isa = PBXSourcesBuildPhase;
			buildActionMask = 2147483647;
			files = (
				F1E726B521846BF6007D57C8 /* ProfileVC.swift in Sources */,
				F10DD99A2178C24500F919B0 /* ChannelVC.swift in Sources */,
				F1E726AE217F1DEC007D57C8 /* AvatarPickerVC.swift in Sources */,
				F11DD197217A2921000FF20D /* RoundedButton.swift in Sources */,
				F1E726B2217F3A6F007D57C8 /* CircleImage.swift in Sources */,
				F10DD9982178C23600F919B0 /* ChatVC.swift in Sources */,
				F1E726AC217D3023007D57C8 /* UserDataService.swift in Sources */,
				F11DD1922179E541000FF20D /* CreateAccountVC.swift in Sources */,
				F11DD195217A19E4000FF20D /* AuthService.swift in Sources */,
				F11DD1902179CD7B000FF20D /* LoginVC.swift in Sources */,
				F11DD18B2178CCEE000FF20D /* GradientView.swift in Sources */,
				F1E726B0217F200A007D57C8 /* AvatarCell.swift in Sources */,
				F1881BAF2178BBEC009E4765 /* AppDelegate.swift in Sources */,
				F11DD1882178C9AE000FF20D /* SWRevealViewController.m in Sources */,
				F11DD18E2179CD21000FF20D /* Constants.swift in Sources */,
			);
			runOnlyForDeploymentPostprocessing = 0;
		};
/* End PBXSourcesBuildPhase section */

/* Begin PBXVariantGroup section */
		F1881BB22178BBEC009E4765 /* Main.storyboard */ = {
			isa = PBXVariantGroup;
			children = (
				F1881BB32178BBEC009E4765 /* Base */,
			);
			name = Main.storyboard;
			sourceTree = "<group>";
		};
		F1881BB72178BBED009E4765 /* LaunchScreen.storyboard */ = {
			isa = PBXVariantGroup;
			children = (
				F1881BB82178BBED009E4765 /* Base */,
			);
			name = LaunchScreen.storyboard;
			sourceTree = "<group>";
		};
/* End PBXVariantGroup section */

/* Begin XCBuildConfiguration section */
		F1881BBB2178BBED009E4765 /* Debug */ = {
			isa = XCBuildConfiguration;
			buildSettings = {
				ALWAYS_SEARCH_USER_PATHS = NO;
				CLANG_ANALYZER_NONNULL = YES;
				CLANG_ANALYZER_NUMBER_OBJECT_CONVERSION = YES_AGGRESSIVE;
				CLANG_CXX_LANGUAGE_STANDARD = "gnu++14";
				CLANG_CXX_LIBRARY = "libc++";
				CLANG_ENABLE_MODULES = YES;
				CLANG_ENABLE_OBJC_ARC = YES;
				CLANG_ENABLE_OBJC_WEAK = YES;
				CLANG_WARN_BLOCK_CAPTURE_AUTORELEASING = YES;
				CLANG_WARN_BOOL_CONVERSION = YES;
				CLANG_WARN_COMMA = YES;
				CLANG_WARN_CONSTANT_CONVERSION = YES;
				CLANG_WARN_DEPRECATED_OBJC_IMPLEMENTATIONS = YES;
				CLANG_WARN_DIRECT_OBJC_ISA_USAGE = YES_ERROR;
				CLANG_WARN_DOCUMENTATION_COMMENTS = YES;
				CLANG_WARN_EMPTY_BODY = YES;
				CLANG_WARN_ENUM_CONVERSION = YES;
				CLANG_WARN_INFINITE_RECURSION = YES;
				CLANG_WARN_INT_CONVERSION = YES;
				CLANG_WARN_NON_LITERAL_NULL_CONVERSION = YES;
				CLANG_WARN_OBJC_IMPLICIT_RETAIN_SELF = YES;
				CLANG_WARN_OBJC_LITERAL_CONVERSION = YES;
				CLANG_WARN_OBJC_ROOT_CLASS = YES_ERROR;
				CLANG_WARN_RANGE_LOOP_ANALYSIS = YES;
				CLANG_WARN_STRICT_PROTOTYPES = YES;
				CLANG_WARN_SUSPICIOUS_MOVE = YES;
				CLANG_WARN_UNGUARDED_AVAILABILITY = YES_AGGRESSIVE;
				CLANG_WARN_UNREACHABLE_CODE = YES;
				CLANG_WARN__DUPLICATE_METHOD_MATCH = YES;
				CODE_SIGN_IDENTITY = "iPhone Developer";
				COPY_PHASE_STRIP = NO;
				DEBUG_INFORMATION_FORMAT = dwarf;
				ENABLE_STRICT_OBJC_MSGSEND = YES;
				ENABLE_TESTABILITY = YES;
				GCC_C_LANGUAGE_STANDARD = gnu11;
				GCC_DYNAMIC_NO_PIC = NO;
				GCC_NO_COMMON_BLOCKS = YES;
				GCC_OPTIMIZATION_LEVEL = 0;
				GCC_PREPROCESSOR_DEFINITIONS = (
					"DEBUG=1",
					"$(inherited)",
				);
				GCC_WARN_64_TO_32_BIT_CONVERSION = YES;
				GCC_WARN_ABOUT_RETURN_TYPE = YES_ERROR;
				GCC_WARN_UNDECLARED_SELECTOR = YES;
				GCC_WARN_UNINITIALIZED_AUTOS = YES_AGGRESSIVE;
				GCC_WARN_UNUSED_FUNCTION = YES;
				GCC_WARN_UNUSED_VARIABLE = YES;
				IPHONEOS_DEPLOYMENT_TARGET = 12.0;
				MTL_ENABLE_DEBUG_INFO = INCLUDE_SOURCE;
				MTL_FAST_MATH = YES;
				ONLY_ACTIVE_ARCH = YES;
				SDKROOT = iphoneos;
				SWIFT_ACTIVE_COMPILATION_CONDITIONS = DEBUG;
				SWIFT_OPTIMIZATION_LEVEL = "-Onone";
			};
			name = Debug;
		};
		F1881BBC2178BBED009E4765 /* Release */ = {
			isa = XCBuildConfiguration;
			buildSettings = {
				ALWAYS_SEARCH_USER_PATHS = NO;
				CLANG_ANALYZER_NONNULL = YES;
				CLANG_ANALYZER_NUMBER_OBJECT_CONVERSION = YES_AGGRESSIVE;
				CLANG_CXX_LANGUAGE_STANDARD = "gnu++14";
				CLANG_CXX_LIBRARY = "libc++";
				CLANG_ENABLE_MODULES = YES;
				CLANG_ENABLE_OBJC_ARC = YES;
				CLANG_ENABLE_OBJC_WEAK = YES;
				CLANG_WARN_BLOCK_CAPTURE_AUTORELEASING = YES;
				CLANG_WARN_BOOL_CONVERSION = YES;
				CLANG_WARN_COMMA = YES;
				CLANG_WARN_CONSTANT_CONVERSION = YES;
				CLANG_WARN_DEPRECATED_OBJC_IMPLEMENTATIONS = YES;
				CLANG_WARN_DIRECT_OBJC_ISA_USAGE = YES_ERROR;
				CLANG_WARN_DOCUMENTATION_COMMENTS = YES;
				CLANG_WARN_EMPTY_BODY = YES;
				CLANG_WARN_ENUM_CONVERSION = YES;
				CLANG_WARN_INFINITE_RECURSION = YES;
				CLANG_WARN_INT_CONVERSION = YES;
				CLANG_WARN_NON_LITERAL_NULL_CONVERSION = YES;
				CLANG_WARN_OBJC_IMPLICIT_RETAIN_SELF = YES;
				CLANG_WARN_OBJC_LITERAL_CONVERSION = YES;
				CLANG_WARN_OBJC_ROOT_CLASS = YES_ERROR;
				CLANG_WARN_RANGE_LOOP_ANALYSIS = YES;
				CLANG_WARN_STRICT_PROTOTYPES = YES;
				CLANG_WARN_SUSPICIOUS_MOVE = YES;
				CLANG_WARN_UNGUARDED_AVAILABILITY = YES_AGGRESSIVE;
				CLANG_WARN_UNREACHABLE_CODE = YES;
				CLANG_WARN__DUPLICATE_METHOD_MATCH = YES;
				CODE_SIGN_IDENTITY = "iPhone Developer";
				COPY_PHASE_STRIP = NO;
				DEBUG_INFORMATION_FORMAT = "dwarf-with-dsym";
				ENABLE_NS_ASSERTIONS = NO;
				ENABLE_STRICT_OBJC_MSGSEND = YES;
				GCC_C_LANGUAGE_STANDARD = gnu11;
				GCC_NO_COMMON_BLOCKS = YES;
				GCC_WARN_64_TO_32_BIT_CONVERSION = YES;
				GCC_WARN_ABOUT_RETURN_TYPE = YES_ERROR;
				GCC_WARN_UNDECLARED_SELECTOR = YES;
				GCC_WARN_UNINITIALIZED_AUTOS = YES_AGGRESSIVE;
				GCC_WARN_UNUSED_FUNCTION = YES;
				GCC_WARN_UNUSED_VARIABLE = YES;
				IPHONEOS_DEPLOYMENT_TARGET = 12.0;
				MTL_ENABLE_DEBUG_INFO = NO;
				MTL_FAST_MATH = YES;
				SDKROOT = iphoneos;
				SWIFT_COMPILATION_MODE = wholemodule;
				SWIFT_OPTIMIZATION_LEVEL = "-O";
				VALIDATE_PRODUCT = YES;
			};
			name = Release;
		};
		F1881BBE2178BBED009E4765 /* Debug */ = {
			isa = XCBuildConfiguration;
			baseConfigurationReference = 1D101678A94602BBDAD10CE0 /* Pods-Smack.debug.xcconfig */;
			buildSettings = {
				ASSETCATALOG_COMPILER_APPICON_NAME = AppIcon;
				CLANG_ENABLE_MODULES = YES;
				CODE_SIGN_STYLE = Automatic;
				DEVELOPMENT_TEAM = C6J7BBYKDN;
				INFOPLIST_FILE = Smack/Info.plist;
				LD_RUNPATH_SEARCH_PATHS = (
					"$(inherited)",
					"@executable_path/Frameworks",
				);
				PRODUCT_BUNDLE_IDENTIFIER = com.mhorvath.Smack;
				PRODUCT_NAME = "$(TARGET_NAME)";
				SWIFT_OBJC_BRIDGING_HEADER = "Supporting Files/Smack-Bridging-Header.h";
				SWIFT_OPTIMIZATION_LEVEL = "-Onone";
				SWIFT_VERSION = 4.2;
				TARGETED_DEVICE_FAMILY = "1,2";
			};
			name = Debug;
		};
		F1881BBF2178BBED009E4765 /* Release */ = {
			isa = XCBuildConfiguration;
			baseConfigurationReference = 84724A702B74854A15B9A9C0 /* Pods-Smack.release.xcconfig */;
			buildSettings = {
				ASSETCATALOG_COMPILER_APPICON_NAME = AppIcon;
				CLANG_ENABLE_MODULES = YES;
				CODE_SIGN_STYLE = Automatic;
				DEVELOPMENT_TEAM = C6J7BBYKDN;
				INFOPLIST_FILE = Smack/Info.plist;
				LD_RUNPATH_SEARCH_PATHS = (
					"$(inherited)",
					"@executable_path/Frameworks",
				);
				PRODUCT_BUNDLE_IDENTIFIER = com.mhorvath.Smack;
				PRODUCT_NAME = "$(TARGET_NAME)";
				SWIFT_OBJC_BRIDGING_HEADER = "Supporting Files/Smack-Bridging-Header.h";
				SWIFT_VERSION = 4.2;
				TARGETED_DEVICE_FAMILY = "1,2";
			};
			name = Release;
		};
/* End XCBuildConfiguration section */

/* Begin XCConfigurationList section */
		F1881BA62178BBEC009E4765 /* Build configuration list for PBXProject "Smack" */ = {
			isa = XCConfigurationList;
			buildConfigurations = (
				F1881BBB2178BBED009E4765 /* Debug */,
				F1881BBC2178BBED009E4765 /* Release */,
			);
			defaultConfigurationIsVisible = 0;
			defaultConfigurationName = Release;
		};
		F1881BBD2178BBED009E4765 /* Build configuration list for PBXNativeTarget "Smack" */ = {
			isa = XCConfigurationList;
			buildConfigurations = (
				F1881BBE2178BBED009E4765 /* Debug */,
				F1881BBF2178BBED009E4765 /* Release */,
			);
			defaultConfigurationIsVisible = 0;
			defaultConfigurationName = Release;
		};
/* End XCConfigurationList section */
	};
	rootObject = F1881BA32178BBEC009E4765 /* Project object */;
}
